<?xml version="1.0" encoding="utf-8"?>
<Project ToolsVersion="4.0" xmlns="http://schemas.microsoft.com/developer/msbuild/2003">
  <ItemGroup>
    <Filter Include="src">
      <UniqueIdentifier>{e3c168dd-e88b-4496-bf19-531d8bb7bfcf}</UniqueIdentifier>
    </Filter>
    <Filter Include="include">
      <UniqueIdentifier>{899181f3-935d-4308-b12b-3413bff5f6f6}</UniqueIdentifier>
    </Filter>
    <Filter Include="stuff">
      <UniqueIdentifier>{99d32c22-8aff-4793-aa68-bde9d70865cb}</UniqueIdentifier>
    </Filter>
  </ItemGroup>
  <ItemGroup>
    <ClCompile Include="Application.cpp">
      <Filter>src</Filter>
    </ClCompile>
    <ClCompile Include="Camera.cpp">
      <Filter>src</Filter>
    </ClCompile>
    <ClCompile Include="Direct3D.cpp">
      <Filter>src</Filter>
    </ClCompile>
    <ClCompile Include="Input.cpp">
      <Filter>src</Filter>
    </ClCompile>
    <ClCompile Include="MessageHandler.cpp">
      <Filter>src</Filter>
    </ClCompile>
    <ClCompile Include="Object.cpp">
      <Filter>src</Filter>
    </ClCompile>
    <ClCompile Include="PathHelper.cpp">
      <Filter>src</Filter>
    </ClCompile>
    <ClCompile Include="Timer.cpp">
      <Filter>src</Filter>
    </ClCompile>
    <ClCompile Include="Light.cpp">
      <Filter>src</Filter>
    </ClCompile>
    <ClCompile Include="ObjectManager.cpp">
      <Filter>src</Filter>
    </ClCompile>
    <ClCompile Include="GenerateFiles.cpp">
      <Filter>src</Filter>
    </ClCompile>
    <ClCompile Include="Texture.cpp">
      <Filter>src</Filter>
    </ClCompile>
    <ClCompile Include="CustomFile.cpp">
      <Filter>src</Filter>
    </ClCompile>
    <ClCompile Include="CustomString.cpp">
      <Filter>src</Filter>
    </ClCompile>
    <ClCompile Include="Shader.cpp">
      <Filter>src</Filter>
    </ClCompile>
    <ClCompile Include="GUI.cpp">
      <Filter>src</Filter>
    </ClCompile>
    <ClCompile Include="Mesh.cpp">
      <Filter>src</Filter>
    </ClCompile>
    <ClCompile Include="Cursor.cpp">
      <Filter>src</Filter>
    </ClCompile>
    <ClCompile Include="MathHelper.cpp">
      <Filter>src</Filter>
    </ClCompile>
    <ClCompile Include="Color.cpp">
      <Filter>src</Filter>
    </ClCompile>
    <ClCompile Include="Vector2.cpp">
      <Filter>src</Filter>
    </ClCompile>
    <ClCompile Include="Matrix.cpp">
      <Filter>src</Filter>
    </ClCompile>
    <ClCompile Include="Vector3.cpp">
      <Filter>src</Filter>
    </ClCompile>
    <ClCompile Include="Vector4.cpp">
      <Filter>src</Filter>
    </ClCompile>
    <ClCompile Include="Quaternion.cpp">
      <Filter>src</Filter>
    </ClCompile>
    <ClCompile Include="Picking.cpp">
      <Filter>src</Filter>
    </ClCompile>
    <ClCompile Include="Button.cpp">
      <Filter>src</Filter>
    </ClCompile>
    <ClCompile Include="RayCasting.cpp">
      <Filter>src</Filter>
    </ClCompile>
    <ClCompile Include="TextureMap.cpp">
      <Filter>src</Filter>
    </ClCompile>
    <ClCompile Include="PipelineState.cpp" />
    <ClCompile Include="PixelShader.cpp" />
    <ClCompile Include="VertexBuffer.cpp" />
    <ClCompile Include="IndexBuffer.cpp" />
    <ClCompile Include="VertexShader.cpp" />
    <ClCompile Include="InputLayout.cpp" />
    <ClCompile Include="RasterizerState.cpp" />
    <ClCompile Include="SamplerState.cpp" />
    <ClCompile Include="DepthStencilState.cpp" />
    <ClCompile Include="LightMap.cpp" />
    <ClCompile Include="PostProcess.cpp" />
    <ClCompile Include="ShadowPass.cpp" />
    <ClCompile Include="Frustum.cpp" />
    <ClCompile Include="Font.cpp" />
    <ClCompile Include="Image.cpp" />
    <ClCompile Include="Model.cpp" />
    <ClCompile Include="SkyboxPass.cpp" />
    <ClCompile Include="Matrix3.cpp" />
    <ClCompile Include="OutlinePass.cpp" />
    <ClCompile Include="ComputeShader.cpp" />
    <ClCompile Include="PrePass.cpp" />
    <ClCompile Include="DepthPass.cpp" />
    <ClCompile Include="Utility.cpp" />
  </ItemGroup>
  <ItemGroup>
    <ClInclude Include="Application.h">
      <Filter>include</Filter>
    </ClInclude>
    <ClInclude Include="Camera.h">
      <Filter>include</Filter>
    </ClInclude>
    <ClInclude Include="Core.h">
      <Filter>include</Filter>
    </ClInclude>
    <ClInclude Include="CustomString.h">
      <Filter>include</Filter>
    </ClInclude>
    <ClInclude Include="Definitions.h">
      <Filter>include</Filter>
    </ClInclude>
    <ClInclude Include="Direct3D.h">
      <Filter>include</Filter>
    </ClInclude>
    <ClInclude Include="Engine.h">
      <Filter>include</Filter>
    </ClInclude>
    <ClInclude Include="Input.h">
      <Filter>include</Filter>
    </ClInclude>
    <ClInclude Include="Object.h">
      <Filter>include</Filter>
    </ClInclude>
    <ClInclude Include="PathHelper.h">
      <Filter>include</Filter>
    </ClInclude>
    <ClInclude Include="Timer.h">
      <Filter>include</Filter>
    </ClInclude>
    <ClInclude Include="Light.h">
      <Filter>include</Filter>
    </ClInclude>
    <ClInclude Include="ObjectManager.h">
      <Filter>include</Filter>
    </ClInclude>
    <ClInclude Include="Texture.h">
      <Filter>include</Filter>
    </ClInclude>
    <ClInclude Include="CustomFile.h">
      <Filter>include</Filter>
    </ClInclude>
    <ClInclude Include="GUI.h">
      <Filter>include</Filter>
    </ClInclude>
    <ClInclude Include="Shader.h">
      <Filter>include</Filter>
    </ClInclude>
    <ClInclude Include="Mesh.h">
      <Filter>include</Filter>
    </ClInclude>
    <ClInclude Include="MathHelper.h">
      <Filter>include</Filter>
    </ClInclude>
    <ClInclude Include="Cursor.h">
      <Filter>include</Filter>
    </ClInclude>
    <ClInclude Include="InputHelper.h">
      <Filter>include</Filter>
    </ClInclude>
    <ClInclude Include="Color.h">
      <Filter>include</Filter>
    </ClInclude>
    <ClInclude Include="Matrix.h">
      <Filter>include</Filter>
    </ClInclude>
    <ClInclude Include="Quaternion.h">
      <Filter>include</Filter>
    </ClInclude>
    <ClInclude Include="Vector2.h">
      <Filter>include</Filter>
    </ClInclude>
    <ClInclude Include="Vector3.h">
      <Filter>include</Filter>
    </ClInclude>
    <ClInclude Include="Vector4.h">
      <Filter>include</Filter>
    </ClInclude>
    <ClInclude Include="ApplicationHelper.h">
      <Filter>include</Filter>
    </ClInclude>
    <ClInclude Include="ConstantBuffer.h">
      <Filter>include</Filter>
    </ClInclude>
    <ClInclude Include="Picking.h">
      <Filter>include</Filter>
    </ClInclude>
    <ClInclude Include="Button.h">
      <Filter>include</Filter>
    </ClInclude>
    <ClInclude Include="RayCasting.h">
      <Filter>include</Filter>
    </ClInclude>
    <ClInclude Include="TextureMap.h">
      <Filter>include</Filter>
    </ClInclude>
    <ClInclude Include="Utility.h" />
    <ClInclude Include="PipelineState.h" />
    <ClInclude Include="PixelShader.h" />
    <ClInclude Include="CustomArray.h" />
    <ClInclude Include="VertexBuffer.h" />
    <ClInclude Include="IndexBuffer.h" />
    <ClInclude Include="VertexShader.h" />
    <ClInclude Include="InputLayout.h" />
    <ClInclude Include="RasterizerState.h" />
    <ClInclude Include="SamplerState.h" />
    <ClInclude Include="DepthStencilState.h" />
    <ClInclude Include="LightMap.h" />
    <ClInclude Include="PostProcess.h" />
    <ClInclude Include="ShadowPass.h" />
    <ClInclude Include="Frustum.h" />
    <ClInclude Include="Font.h" />
    <ClInclude Include="Image.h" />
    <ClInclude Include="Model.h" />
    <ClInclude Include="SkyboxPass.h" />
    <ClInclude Include="Matrix3.h" />
    <ClInclude Include="OutlinePass.h" />
    <ClInclude Include="ComputeShader.h" />
    <ClInclude Include="PrePass.h" />
    <ClInclude Include="DepthPass.h" />
  </ItemGroup>
  <ItemGroup>
    <None Include="Assets\PrePass.hlsl">
      <Filter>stuff</Filter>
    </None>
    <None Include="Assets\LightPass.hlsl">
      <Filter>stuff</Filter>
    </None>
    <None Include="Assets\fxaa.hlsl">
      <Filter>stuff</Filter>
    </None>
    <None Include="Assets\PostProcess.hlsl">
      <Filter>stuff</Filter>
    </None>
    <None Include="Assets\Light.hlsl">
      <Filter>stuff</Filter>
    </None>
    <None Include="Assets\ShadowPass.hlsl">
      <Filter>stuff</Filter>
    </None>
    <None Include="Assets\Text.hlsl">
      <Filter>stuff</Filter>
    </None>
    <None Include="Assets\SkyboxPass.hlsl">
      <Filter>stuff</Filter>
    </None>
    <None Include="Assets\OutlinePass.hlsl">
      <Filter>stuff</Filter>
    </None>
    <None Include="Assets\OutlinePassCS.hlsl">
      <Filter>stuff</Filter>
    </None>
    <None Include="Assets\Shadow.hlsl">
      <Filter>stuff</Filter>
    </None>
    <None Include="Assets\Pack.hlsl">
      <Filter>stuff</Filter>
    </None>
  </ItemGroup>
</Project>