<?xml version="1.0" encoding="utf-8"?>
<Project ToolsVersion="4.0" xmlns="http://schemas.microsoft.com/developer/msbuild/2003">
  <ItemGroup>
    <Filter Include="src">
      <UniqueIdentifier>{e3c168dd-e88b-4496-bf19-531d8bb7bfcf}</UniqueIdentifier>
    </Filter>
    <Filter Include="include">
      <UniqueIdentifier>{899181f3-935d-4308-b12b-3413bff5f6f6}</UniqueIdentifier>
    </Filter>
    <Filter Include="stuff">
      <UniqueIdentifier>{99d32c22-8aff-4793-aa68-bde9d70865cb}</UniqueIdentifier>
    </Filter>
  </ItemGroup>
  <ItemGroup>
    <ClCompile Include="ObjectManager.cpp" />
    <ClCompile Include="Light.cpp" />
    <ClCompile Include="Cube.cpp" />
    <ClCompile Include="Application.cpp">
      <Filter>src</Filter>
    </ClCompile>
    <ClCompile Include="Camera.cpp">
      <Filter>src</Filter>
    </ClCompile>
    <ClCompile Include="CustomString.cpp">
      <Filter>src</Filter>
    </ClCompile>
    <ClCompile Include="Direct3D.cpp">
      <Filter>src</Filter>
    </ClCompile>
    <ClCompile Include="dxerr.cpp">
      <Filter>src</Filter>
    </ClCompile>
    <ClCompile Include="EditHelper.cpp">
      <Filter>src</Filter>
    </ClCompile>
    <ClCompile Include="Input.cpp">
      <Filter>src</Filter>
    </ClCompile>
    <ClCompile Include="MessageHandler.cpp">
      <Filter>src</Filter>
    </ClCompile>
    <ClCompile Include="Object.cpp">
      <Filter>src</Filter>
    </ClCompile>
    <ClCompile Include="ParseFile.cpp">
      <Filter>src</Filter>
    </ClCompile>
    <ClCompile Include="PathHelper.cpp">
      <Filter>src</Filter>
    </ClCompile>
    <ClCompile Include="Time.cpp">
      <Filter>src</Filter>
    </ClCompile>
  </ItemGroup>
  <ItemGroup>
    <ClInclude Include="..\Engine\dxerr.h">
      <Filter>stuff</Filter>
    </ClInclude>
    <ClInclude Include="ObjectManager.h" />
    <ClInclude Include="Light.h" />
    <ClInclude Include="Cube.h" />
    <ClInclude Include="Application.h">
      <Filter>include</Filter>
    </ClInclude>
    <ClInclude Include="Camera.h">
      <Filter>include</Filter>
    </ClInclude>
    <ClInclude Include="Core.h">
      <Filter>include</Filter>
    </ClInclude>
    <ClInclude Include="CustomString.h">
      <Filter>include</Filter>
    </ClInclude>
    <ClInclude Include="CustomTypes.h">
      <Filter>include</Filter>
    </ClInclude>
    <ClInclude Include="Definitions.h">
      <Filter>include</Filter>
    </ClInclude>
    <ClInclude Include="DeviceInput.h">
      <Filter>include</Filter>
    </ClInclude>
    <ClInclude Include="Devices.h">
      <Filter>include</Filter>
    </ClInclude>
    <ClInclude Include="Direct3D.h">
      <Filter>include</Filter>
    </ClInclude>
    <ClInclude Include="EditHelper.h">
      <Filter>include</Filter>
    </ClInclude>
    <ClInclude Include="Engine.h">
      <Filter>include</Filter>
    </ClInclude>
    <ClInclude Include="Functions.h">
      <Filter>include</Filter>
    </ClInclude>
    <ClInclude Include="Header.h">
      <Filter>include</Filter>
    </ClInclude>
    <ClInclude Include="Input.h">
      <Filter>include</Filter>
    </ClInclude>
    <ClInclude Include="MathHelper.h">
      <Filter>include</Filter>
    </ClInclude>
    <ClInclude Include="Matrix.h">
      <Filter>include</Filter>
    </ClInclude>
    <ClInclude Include="Object.h">
      <Filter>include</Filter>
    </ClInclude>
    <ClInclude Include="ParseFile.h">
      <Filter>include</Filter>
    </ClInclude>
    <ClInclude Include="PathHelper.h">
      <Filter>include</Filter>
    </ClInclude>
    <ClInclude Include="Properties.h">
      <Filter>include</Filter>
    </ClInclude>
    <ClInclude Include="Quaternion.h">
      <Filter>include</Filter>
    </ClInclude>
    <ClInclude Include="Scalar.h">
      <Filter>include</Filter>
    </ClInclude>
    <ClInclude Include="Time.h">
      <Filter>include</Filter>
    </ClInclude>
    <ClInclude Include="Trace.h">
      <Filter>include</Filter>
    </ClInclude>
    <ClInclude Include="Vector.h">
      <Filter>include</Filter>
    </ClInclude>
  </ItemGroup>
  <ItemGroup>
    <FxCompile Include="Assets\shader.hlsl">
      <Filter>stuff</Filter>
    </FxCompile>
  </ItemGroup>
</Project>