<?xml version="1.0" encoding="utf-8"?>
<Project ToolsVersion="4.0" xmlns="http://schemas.microsoft.com/developer/msbuild/2003">
  <ItemGroup>
    <ClCompile Include="Foo.cpp" />
    <ClCompile Include="Start.cpp" />
  </ItemGroup>
  <ItemGroup>
    <Filter Include="res">
      <UniqueIdentifier>{9ada173b-376f-4bb9-8f4e-e9a5d3c5c67e}</UniqueIdentifier>
    </Filter>
  </ItemGroup>
  <ItemGroup>
    <ResourceCompile Include="Editor.rc">
      <Filter>res</Filter>
    </ResourceCompile>
  </ItemGroup>
  <ItemGroup>
    <Image Include="..\Engine\Assets\main.ico">
      <Filter>res</Filter>
    </Image>
  </ItemGroup>
  <ItemGroup>
    <ClInclude Include="Foo.h" />
  </ItemGroup>
</Project>